{
  "managedFiles": [
    ".agents/skills/change-complete/.engineering-process.json",
    ".agents/skills/change-complete/SKILL.md",
    ".agents/skills/change-implement/.engineering-process.json",
    ".agents/skills/change-implement/SKILL.md",
    ".agents/skills/change-plan/.engineering-process.json",
    ".agents/skills/change-plan/SKILL.md",
    ".agents/skills/change-review/.engineering-process.json",
    ".agents/skills/change-review/SKILL.md",
    ".agents/skills/change-start/.engineering-process.json",
    ".agents/skills/change-start/SKILL.md",
    ".agents/skills/change-verify/.engineering-process.json",
    ".agents/skills/change-verify/SKILL.md",
    ".agents/skills/deliver-change/.engineering-process.json",
    ".agents/skills/deliver-change/SKILL.md",
    ".agents/skills/process-improve/.engineering-process.json",
    ".agents/skills/process-improve/SKILL.md",
    ".agents/skills/production-engineering/.engineering-process.json",
    ".agents/skills/production-engineering/SKILL.md",
    ".agents/skills/production-engineering/invariants.json",
    ".process/adopt-process-windows-job.py",
    ".process/adopt-process.py"
  ],
  "process": {
    "digest": "sha256:eec99801c5e20216b415526d9dc0aa5155632fc1c70f0935f13a860bb8409d8d",
    "package": "engineering-process",
    "version": "2.0.2"
  },
  "requirementsDigest": "sha256:01cdb771a385a32e7491b1fac0352209a13ea65d4d2242f3d5e6393ab8502df1",
  "schemaVersion": 2,
  "skills": [
    "change-complete",
    "change-implement",
    "change-plan",
    "change-review",
    "change-start",
    "change-verify",
    "deliver-change",
    "process-improve",
    "production-engineering"
  ]
}
