{
  "schemaVersion": 1,
  "process": {
    "version": "0.5.1",
    "digest": "sha256:61452f6d1b8c9cc40a1c624bc6628bd3b2d826b1d030b9f57847f07fca55d691"
  },
  "skills": [
    "assess-design",
    "build-frontend",
    "build-frontend-foundation",
    "change-api",
    "cross-repo-change",
    "define-change-contract",
    "design-module",
    "evolve-process",
    "finish-change",
    "govern-ui",
    "implement-change",
    "implement-module",
    "implement-use-case",
    "maintain-docs",
    "plan-change",
    "publish-change",
    "review-change",
    "run-change",
    "run-project-command",
    "specify-use-case",
    "verify-change"
  ]
}
