{
  "schemaVersion": 1,
  "process": {
    "version": "0.5.0",
    "digest": "sha256:bc6730e6a7b019e6c270ccb7a25bf0701cb0e67e9fbc1a895e7d31acda938c95"
  },
  "skills": [
    "assess-design",
    "build-frontend",
    "build-frontend-foundation",
    "change-api",
    "cross-repo-change",
    "define-change-contract",
    "design-module",
    "evolve-process",
    "finish-change",
    "govern-ui",
    "implement-change",
    "implement-module",
    "implement-use-case",
    "maintain-docs",
    "plan-change",
    "publish-change",
    "review-change",
    "run-change",
    "run-project-command",
    "specify-use-case",
    "verify-change"
  ]
}
